
Microsoft Visual Studio Solution File, Format Version 12.00
# Visual Studio Version 17
VisualStudioVersion = 17.1.32228.430
MinimumVisualStudioVersion = 10.0.40219.1
Project("{9A19103F-16F7-4668-BE54-9A1E7A4F7556}") = "KampIntro", "KampIntro\KampIntro.csproj", "{7052F285-2A21-45F8-8683-4509CA9E8575}"
EndProject
Project("{9A19103F-16F7-4668-BE54-9A1E7A4F7556}") = "Donguler", "Donguler\Donguler.csproj", "{90071FC5-79DA-4C89-932A-68447FE51235}"
EndProject
Project("{9A19103F-16F7-4668-BE54-9A1E7A4F7556}") = "ClassIntro", "ClassIntro\ClassIntro.csproj", "{EEC9C6F9-B56F-48A7-9467-64245C163FC1}"
EndProject
Project("{9A19103F-16F7-4668-BE54-9A1E7A4F7556}") = "Metotlar", "Metotlar\Metotlar.csproj", "{AB9D33B1-C40E-413A-99A6-0F4650DFE39C}"
EndProject
Project("{9A19103F-16F7-4668-BE54-9A1E7A4F7556}") = "Matematik", "Matematik\Matematik.csproj", "{1E8D1C7B-BA1C-4FCD-AB8F-5930283BEA4F}"
EndProject
Project("{9A19103F-16F7-4668-BE54-9A1E7A4F7556}") = "DegerVerilerReferansTipler", "DegerVerilerReferansTipler\DegerVerilerReferansTipler.csproj", "{7ABA96F3-722B-416A-A136-641AEBA1E84B}"
EndProject
Project("{9A19103F-16F7-4668-BE54-9A1E7A4F7556}") = "OOP1", "OOP1\OOP1.csproj", "{C2991206-B4FD-410E-B25E-25345C31B269}"
EndProject
Project("{9A19103F-16F7-4668-BE54-9A1E7A4F7556}") = "Koleksiyonlar", "Koleksiyonlar\Koleksiyonlar.csproj", "{8C670F63-720D-4C2D-BD27-5E341A8246B6}"
EndProject
Project("{FAE04EC0-301F-11D3-BF4B-00C04F79EFBC}") = "OOP2", "OOP2\OOP2.csproj", "{5278A2D6-FE4B-4648-85AB-A21E03DB5DF9}"
EndProject
Project("{FAE04EC0-301F-11D3-BF4B-00C04F79EFBC}") = "OOP3", "OOP3\OOP3.csproj", "{F73FE8A5-32EF-4A7C-A24D-6F26B32EA48D}"
EndProject
Global
	GlobalSection(SolutionConfigurationPlatforms) = preSolution
		Debug|Any CPU = Debug|Any CPU
		Release|Any CPU = Release|Any CPU
	EndGlobalSection
	GlobalSection(ProjectConfigurationPlatforms) = postSolution
		{7052F285-2A21-45F8-8683-4509CA9E8575}.Debug|Any CPU.ActiveCfg = Debug|Any CPU
		{7052F285-2A21-45F8-8683-4509CA9E8575}.Debug|Any CPU.Build.0 = Debug|Any CPU
		{7052F285-2A21-45F8-8683-4509CA9E8575}.Release|Any CPU.ActiveCfg = Release|Any CPU
		{7052F285-2A21-45F8-8683-4509CA9E8575}.Release|Any CPU.Build.0 = Release|Any CPU
		{90071FC5-79DA-4C89-932A-68447FE51235}.Debug|Any CPU.ActiveCfg = Debug|Any CPU
		{90071FC5-79DA-4C89-932A-68447FE51235}.Debug|Any CPU.Build.0 = Debug|Any CPU
		{90071FC5-79DA-4C89-932A-68447FE51235}.Release|Any CPU.ActiveCfg = Release|Any CPU
		{90071FC5-79DA-4C89-932A-68447FE51235}.Release|Any CPU.Build.0 = Release|Any CPU
		{EEC9C6F9-B56F-48A7-9467-64245C163FC1}.Debug|Any CPU.ActiveCfg = Debug|Any CPU
		{EEC9C6F9-B56F-48A7-9467-64245C163FC1}.Debug|Any CPU.Build.0 = Debug|Any CPU
		{EEC9C6F9-B56F-48A7-9467-64245C163FC1}.Release|Any CPU.ActiveCfg = Release|Any CPU
		{EEC9C6F9-B56F-48A7-9467-64245C163FC1}.Release|Any CPU.Build.0 = Release|Any CPU
		{AB9D33B1-C40E-413A-99A6-0F4650DFE39C}.Debug|Any CPU.ActiveCfg = Debug|Any CPU
		{AB9D33B1-C40E-413A-99A6-0F4650DFE39C}.Debug|Any CPU.Build.0 = Debug|Any CPU
		{AB9D33B1-C40E-413A-99A6-0F4650DFE39C}.Release|Any CPU.ActiveCfg = Release|Any CPU
		{AB9D33B1-C40E-413A-99A6-0F4650DFE39C}.Release|Any CPU.Build.0 = Release|Any CPU
		{1E8D1C7B-BA1C-4FCD-AB8F-5930283BEA4F}.Debug|Any CPU.ActiveCfg = Debug|Any CPU
		{1E8D1C7B-BA1C-4FCD-AB8F-5930283BEA4F}.Debug|Any CPU.Build.0 = Debug|Any CPU
		{1E8D1C7B-BA1C-4FCD-AB8F-5930283BEA4F}.Release|Any CPU.ActiveCfg = Release|Any CPU
		{1E8D1C7B-BA1C-4FCD-AB8F-5930283BEA4F}.Release|Any CPU.Build.0 = Release|Any CPU
		{7ABA96F3-722B-416A-A136-641AEBA1E84B}.Debug|Any CPU.ActiveCfg = Debug|Any CPU
		{7ABA96F3-722B-416A-A136-641AEBA1E84B}.Debug|Any CPU.Build.0 = Debug|Any CPU
		{7ABA96F3-722B-416A-A136-641AEBA1E84B}.Release|Any CPU.ActiveCfg = Release|Any CPU
		{7ABA96F3-722B-416A-A136-641AEBA1E84B}.Release|Any CPU.Build.0 = Release|Any CPU
		{C2991206-B4FD-410E-B25E-25345C31B269}.Debug|Any CPU.ActiveCfg = Debug|Any CPU
		{C2991206-B4FD-410E-B25E-25345C31B269}.Debug|Any CPU.Build.0 = Debug|Any CPU
		{C2991206-B4FD-410E-B25E-25345C31B269}.Release|Any CPU.ActiveCfg = Release|Any CPU
		{C2991206-B4FD-410E-B25E-25345C31B269}.Release|Any CPU.Build.0 = Release|Any CPU
		{8C670F63-720D-4C2D-BD27-5E341A8246B6}.Debug|Any CPU.ActiveCfg = Debug|Any CPU
		{8C670F63-720D-4C2D-BD27-5E341A8246B6}.Debug|Any CPU.Build.0 = Debug|Any CPU
		{8C670F63-720D-4C2D-BD27-5E341A8246B6}.Release|Any CPU.ActiveCfg = Release|Any CPU
		{8C670F63-720D-4C2D-BD27-5E341A8246B6}.Release|Any CPU.Build.0 = Release|Any CPU
		{5278A2D6-FE4B-4648-85AB-A21E03DB5DF9}.Debug|Any CPU.ActiveCfg = Debug|Any CPU
		{5278A2D6-FE4B-4648-85AB-A21E03DB5DF9}.Debug|Any CPU.Build.0 = Debug|Any CPU
		{5278A2D6-FE4B-4648-85AB-A21E03DB5DF9}.Release|Any CPU.ActiveCfg = Release|Any CPU
		{5278A2D6-FE4B-4648-85AB-A21E03DB5DF9}.Release|Any CPU.Build.0 = Release|Any CPU
		{F73FE8A5-32EF-4A7C-A24D-6F26B32EA48D}.Debug|Any CPU.ActiveCfg = Debug|Any CPU
		{F73FE8A5-32EF-4A7C-A24D-6F26B32EA48D}.Debug|Any CPU.Build.0 = Debug|Any CPU
		{F73FE8A5-32EF-4A7C-A24D-6F26B32EA48D}.Release|Any CPU.ActiveCfg = Release|Any CPU
		{F73FE8A5-32EF-4A7C-A24D-6F26B32EA48D}.Release|Any CPU.Build.0 = Release|Any CPU
	EndGlobalSection
	GlobalSection(SolutionProperties) = preSolution
		HideSolutionNode = FALSE
	EndGlobalSection
	GlobalSection(ExtensibilityGlobals) = postSolution
		SolutionGuid = {75A08AF9-3649-438F-B16A-A41CE6774060}
	EndGlobalSection
EndGlobal
